
Microsoft Visual Studio Solution File, Format Version 12.00
# Visual Studio Version 16
VisualStudioVersion = 16.0.29201.188
MinimumVisualStudioVersion = 10.0.40219.1
Project("{FAE04EC0-301F-11D3-BF4B-00C04F79EFBC}") = "NUnitTestProject4", "NUnitTestProject4\NUnitTestProject4.csproj", "{8CB854D3-9EA6-4479-955D-4A21596E1BBD}"
EndProject
Global
	GlobalSection(SolutionConfigurationPlatforms) = preSolution
		Debug|Any CPU = Debug|Any CPU
		Release|Any CPU = Release|Any CPU
	EndGlobalSection
	GlobalSection(ProjectConfigurationPlatforms) = postSolution
		{8CB854D3-9EA6-4479-955D-4A21596E1BBD}.Debug|Any CPU.ActiveCfg = Debug|Any CPU
		{8CB854D3-9EA6-4479-955D-4A21596E1BBD}.Debug|Any CPU.Build.0 = Debug|Any CPU
		{8CB854D3-9EA6-4479-955D-4A21596E1BBD}.Release|Any CPU.ActiveCfg = Release|Any CPU
		{8CB854D3-9EA6-4479-955D-4A21596E1BBD}.Release|Any CPU.Build.0 = Release|Any CPU
	EndGlobalSection
	GlobalSection(SolutionProperties) = preSolution
		HideSolutionNode = FALSE
	EndGlobalSection
	GlobalSection(ExtensibilityGlobals) = postSolution
		SolutionGuid = {FBD4C0C7-2154-48D4-B908-8299B0425880}
	EndGlobalSection
EndGlobal
